
Microsoft Visual Studio Solution File, Format Version 12.00
# Visual Studio Version 16
VisualStudioVersion = 16.0.31205.134
MinimumVisualStudioVersion = 10.0.40219.1
Project("{FAE04EC0-301F-11D3-BF4B-00C04F79EFBC}") = "ToDo.Web", "ToDo.Web\ToDo.Web.csproj", "{3B676CFC-C1F7-4D50-9D4A-A2272F7E4D46}"
EndProject
Global
	GlobalSection(SolutionConfigurationPlatforms) = preSolution
		Debug|Any CPU = Debug|Any CPU
		Release|Any CPU = Release|Any CPU
	EndGlobalSection
	GlobalSection(ProjectConfigurationPlatforms) = postSolution
		{3B676CFC-C1F7-4D50-9D4A-A2272F7E4D46}.Debug|Any CPU.ActiveCfg = Debug|Any CPU
		{3B676CFC-C1F7-4D50-9D4A-A2272F7E4D46}.Debug|Any CPU.Build.0 = Debug|Any CPU
		{3B676CFC-C1F7-4D50-9D4A-A2272F7E4D46}.Release|Any CPU.ActiveCfg = Release|Any CPU
		{3B676CFC-C1F7-4D50-9D4A-A2272F7E4D46}.Release|Any CPU.Build.0 = Release|Any CPU
	EndGlobalSection
	GlobalSection(SolutionProperties) = preSolution
		HideSolutionNode = FALSE
	EndGlobalSection
	GlobalSection(ExtensibilityGlobals) = postSolution
		SolutionGuid = {EECBDECE-3A55-4CD0-8A47-31282682508E}
	EndGlobalSection
EndGlobal
